ash.radicle.garden/z3iGsD9SQumb7dHQgwmfLQ6JTAK4X.git v0.0.0-20240716041207-e497dff071a6 h1:BHEezIqTq51TI2FMEWkm9eEvSD6MuU+ClVcYNs5k8AQ=
ash.radicle.garden/z3iGsD9SQumb7dHQgwmfLQ6JTAK4X.git v0.0.0-20240716041207-e497dff071a6/go.mod h1:zfzxrbbv1ie2x+mTIV3YBZCDRGzo1LDBWfr7tGruBaw=
ash.radicle.garden/z4H8iGjfSyWNpc4F1YHGhjY3h335J.git v0.0.0-20240716052803-2a1595477b0e h1:6UnNNZhj6+xnDOt0QBIKHasis7Hdfg3E+AxXeWc2u+o=
ash.radicle.garden/z4H8iGjfSyWNpc4F1YHGhjY3h335J.git v0.0.0-20240716052803-2a1595477b0e/go.mod h1:z+sMuwbbKInLICRokkPNdc6haWdT0X2UzZGWuWx/iTg=
ash.radicle.garden/z4H8iGjfSyWNpc4F1YHGhjY3h335J.git v0.0.0-20240718005822-4c979a430c9e h1:p/YyfBEjmWAqhb+0g93d6J961g0f/PjkMQpSmxwmVQc=
ash.radicle.garden/z4H8iGjfSyWNpc4F1YHGhjY3h335J.git v0.0.0-20240718005822-4c979a430c9e/go.mod h1:z+sMuwbbKInLICRokkPNdc6haWdT0X2UzZGWuWx/iTg=
